// !$*UTF8*$!
{
	archiveVersion = 1;
	classes = {
	};
	objectVersion = 48;
	objects = {

/* Begin PBXBuildFile section */
		E05493541F223733001109A8 /* AppDelegate.swift in Sources */ = {isa = PBXBuildFile; fileRef = E05493531F223733001109A8 /* AppDelegate.swift */; };
		E05493561F223733001109A8 /* ViewController.swift in Sources */ = {isa = PBXBuildFile; fileRef = E05493551F223733001109A8 /* ViewController.swift */; };
		E05493591F223733001109A8 /* Main.storyboard in Resources */ = {isa = PBXBuildFile; fileRef = E05493571F223733001109A8 /* Main.storyboard */; };
		E054935B1F223733001109A8 /* Assets.xcassets in Resources */ = {isa = PBXBuildFile; fileRef = E054935A1F223733001109A8 /* Assets.xcassets */; };
		E054935E1F223733001109A8 /* LaunchScreen.storyboard in Resources */ = {isa = PBXBuildFile; fileRef = E054935C1F223733001109A8 /* LaunchScreen.storyboard */; };
		E08575C61F23942A003E5931 /* musicViewController.swift in Sources */ = {isa = PBXBuildFile; fileRef = E08575C51F23942A003E5931 /* musicViewController.swift */; };
		E0901C5F1F27D3AD005A9B0A /* photoViewController.swift in Sources */ = {isa = PBXBuildFile; fileRef = E0901C5E1F27D3AD005A9B0A /* photoViewController.swift */; };
		E0FC6B9F1F279F8B0024E797 /* discography.storyboard in Resources */ = {isa = PBXBuildFile; fileRef = E0FC6B9D1F279F8B0024E797 /* discography.storyboard */; };
		E0FC6BA21F27ADBD0024E797 /* members.storyboard in Resources */ = {isa = PBXBuildFile; fileRef = E0FC6BA01F27ADBD0024E797 /* members.storyboard */; };
/* End PBXBuildFile section */

/* Begin PBXFileReference section */
		E05493501F223733001109A8 /* APP1.app */ = {isa = PBXFileReference; explicitFileType = wrapper.application; includeInIndex = 0; path = APP1.app; sourceTree = BUILT_PRODUCTS_DIR; };
		E05493531F223733001109A8 /* AppDelegate.swift */ = {isa = PBXFileReference; lastKnownFileType = sourcecode.swift; path = AppDelegate.swift; sourceTree = "<group>"; };
		E05493551F223733001109A8 /* ViewController.swift */ = {isa = PBXFileReference; lastKnownFileType = sourcecode.swift; path = ViewController.swift; sourceTree = "<group>"; };
		E05493581F223733001109A8 /* Base */ = {isa = PBXFileReference; lastKnownFileType = file.storyboard; name = Base; path = Base.lproj/Main.storyboard; sourceTree = "<group>"; };
		E054935A1F223733001109A8 /* Assets.xcassets */ = {isa = PBXFileReference; lastKnownFileType = folder.assetcatalog; path = Assets.xcassets; sourceTree = "<group>"; };
		E054935D1F223733001109A8 /* Base */ = {isa = PBXFileReference; lastKnownFileType = file.storyboard; name = Base; path = Base.lproj/LaunchScreen.storyboard; sourceTree = "<group>"; };
		E054935F1F223733001109A8 /* Info.plist */ = {isa = PBXFileReference; lastKnownFileType = text.plist.xml; path = Info.plist; sourceTree = "<group>"; };
		E08575C51F23942A003E5931 /* musicViewController.swift */ = {isa = PBXFileReference; lastKnownFileType = sourcecode.swift; path = musicViewController.swift; sourceTree = "<group>"; };
		E0901C5E1F27D3AD005A9B0A /* photoViewController.swift */ = {isa = PBXFileReference; lastKnownFileType = sourcecode.swift; path = photoViewController.swift; sourceTree = "<group>"; };
		E0FC6B9E1F279F8B0024E797 /* Base */ = {isa = PBXFileReference; lastKnownFileType = file.storyboard; name = Base; path = Base.lproj/discography.storyboard; sourceTree = "<group>"; };
		E0FC6BA11F27ADBD0024E797 /* Base */ = {isa = PBXFileReference; lastKnownFileType = file.storyboard; name = Base; path = Base.lproj/members.storyboard; sourceTree = "<group>"; };
/* End PBXFileReference section */

/* Begin PBXFrameworksBuildPhase section */
		E054934D1F223733001109A8 /* Frameworks */ = {
			isa = PBXFrameworksBuildPhase;
			buildActionMask = 2147483647;
			files = (
			);
			runOnlyForDeploymentPostprocessing = 0;
		};
/* End PBXFrameworksBuildPhase section */

/* Begin PBXGroup section */
		E05493471F223733001109A8 = {
			isa = PBXGroup;
			children = (
				E05493521F223733001109A8 /* APP1 */,
				E05493511F223733001109A8 /* Products */,
			);
			sourceTree = "<group>";
		};
		E05493511F223733001109A8 /* Products */ = {
			isa = PBXGroup;
			children = (
				E05493501F223733001109A8 /* APP1.app */,
			);
			name = Products;
			sourceTree = "<group>";
		};
		E05493521F223733001109A8 /* APP1 */ = {
			isa = PBXGroup;
			children = (
				E05493531F223733001109A8 /* AppDelegate.swift */,
				E05493551F223733001109A8 /* ViewController.swift */,
				E08575C51F23942A003E5931 /* musicViewController.swift */,
				E05493571F223733001109A8 /* Main.storyboard */,
				E0FC6BA01F27ADBD0024E797 /* members.storyboard */,
				E0FC6B9D1F279F8B0024E797 /* discography.storyboard */,
				E0901C5E1F27D3AD005A9B0A /* photoViewController.swift */,
				E054935A1F223733001109A8 /* Assets.xcassets */,
				E054935C1F223733001109A8 /* LaunchScreen.storyboard */,
				E054935F1F223733001109A8 /* Info.plist */,
			);
			path = APP1;
			sourceTree = "<group>";
		};
/* End PBXGroup section */

/* Begin PBXNativeTarget section */
		E054934F1F223733001109A8 /* APP1 */ = {
			isa = PBXNativeTarget;
			buildConfigurationList = E05493621F223733001109A8 /* Build configuration list for PBXNativeTarget "APP1" */;
			buildPhases = (
				E054934C1F223733001109A8 /* Sources */,
				E054934D1F223733001109A8 /* Frameworks */,
				E054934E1F223733001109A8 /* Resources */,
			);
			buildRules = (
			);
			dependencies = (
			);
			name = APP1;
			productName = APP1;
			productReference = E05493501F223733001109A8 /* APP1.app */;
			productType = "com.apple.product-type.application";
		};
/* End PBXNativeTarget section */

/* Begin PBXProject section */
		E05493481F223733001109A8 /* Project object */ = {
			isa = PBXProject;
			attributes = {
				LastSwiftUpdateCheck = 0900;
				LastUpgradeCheck = 0900;
				ORGANIZATIONNAME = "Natalie KU";
				TargetAttributes = {
					E054934F1F223733001109A8 = {
						CreatedOnToolsVersion = 9.0;
					};
				};
			};
			buildConfigurationList = E054934B1F223733001109A8 /* Build configuration list for PBXProject "APP1" */;
			compatibilityVersion = "Xcode 8.0";
			developmentRegion = en;
			hasScannedForEncodings = 0;
			knownRegions = (
				en,
				Base,
			);
			mainGroup = E05493471F223733001109A8;
			productRefGroup = E05493511F223733001109A8 /* Products */;
			projectDirPath = "";
			projectRoot = "";
			targets = (
				E054934F1F223733001109A8 /* APP1 */,
			);
		};
/* End PBXProject section */

/* Begin PBXResourcesBuildPhase section */
		E054934E1F223733001109A8 /* Resources */ = {
			isa = PBXResourcesBuildPhase;
			buildActionMask = 2147483647;
			files = (
				E054935E1F223733001109A8 /* LaunchScreen.storyboard in Resources */,
				E054935B1F223733001109A8 /* Assets.xcassets in Resources */,
				E0FC6BA21F27ADBD0024E797 /* members.storyboard in Resources */,
				E0FC6B9F1F279F8B0024E797 /* discography.storyboard in Resources */,
				E05493591F223733001109A8 /* Main.storyboard in Resources */,
			);
			runOnlyForDeploymentPostprocessing = 0;
		};
/* End PBXResourcesBuildPhase section */

/* Begin PBXSourcesBuildPhase section */
		E054934C1F223733001109A8 /* Sources */ = {
			isa = PBXSourcesBuildPhase;
			buildActionMask = 2147483647;
			files = (
				E05493561F223733001109A8 /* ViewController.swift in Sources */,
				E0901C5F1F27D3AD005A9B0A /* photoViewController.swift in Sources */,
				E05493541F223733001109A8 /* AppDelegate.swift in Sources */,
				E08575C61F23942A003E5931 /* musicViewController.swift in Sources */,
			);
			runOnlyForDeploymentPostprocessing = 0;
		};
/* End PBXSourcesBuildPhase section */

/* Begin PBXVariantGroup section */
		E05493571F223733001109A8 /* Main.storyboard */ = {
			isa = PBXVariantGroup;
			children = (
				E05493581F223733001109A8 /* Base */,
			);
			name = Main.storyboard;
			sourceTree = "<group>";
		};
		E054935C1F223733001109A8 /* LaunchScreen.storyboard */ = {
			isa = PBXVariantGroup;
			children = (
				E054935D1F223733001109A8 /* Base */,
			);
			name = LaunchScreen.storyboard;
			sourceTree = "<group>";
		};
		E0FC6B9D1F279F8B0024E797 /* discography.storyboard */ = {
			isa = PBXVariantGroup;
			children = (
				E0FC6B9E1F279F8B0024E797 /* Base */,
			);
			name = discography.storyboard;
			sourceTree = "<group>";
		};
		E0FC6BA01F27ADBD0024E797 /* members.storyboard */ = {
			isa = PBXVariantGroup;
			children = (
				E0FC6BA11F27ADBD0024E797 /* Base */,
			);
			name = members.storyboard;
			sourceTree = "<group>";
		};
/* End PBXVariantGroup section */

/* Begin XCBuildConfiguration section */
		E05493601F223733001109A8 /* Debug */ = {
			isa = XCBuildConfiguration;
			buildSettings = {
				ALWAYS_SEARCH_USER_PATHS = NO;
				CLANG_ANALYZER_NONNULL = YES;
				CLANG_ANALYZER_NUMBER_OBJECT_CONVERSION = YES_AGGRESSIVE;
				CLANG_CXX_LANGUAGE_STANDARD = "gnu++14";
				CLANG_CXX_LIBRARY = "libc++";
				CLANG_ENABLE_MODULES = YES;
				CLANG_ENABLE_OBJC_ARC = YES;
				CLANG_WARN_BLOCK_CAPTURE_AUTORELEASING = YES;
				CLANG_WARN_BOOL_CONVERSION = YES;
				CLANG_WARN_COMMA = YES;
				CLANG_WARN_CONSTANT_CONVERSION = YES;
				CLANG_WARN_DIRECT_OBJC_ISA_USAGE = YES_ERROR;
				CLANG_WARN_DOCUMENTATION_COMMENTS = YES;
				CLANG_WARN_EMPTY_BODY = YES;
				CLANG_WARN_ENUM_CONVERSION = YES;
				CLANG_WARN_INFINITE_RECURSION = YES;
				CLANG_WARN_INT_CONVERSION = YES;
				CLANG_WARN_OBJC_ROOT_CLASS = YES_ERROR;
				CLANG_WARN_RANGE_LOOP_ANALYSIS = YES;
				CLANG_WARN_STRICT_PROTOTYPES = YES;
				CLANG_WARN_SUSPICIOUS_MOVE = YES;
				CLANG_WARN_UNGUARDED_AVAILABILITY = YES_AGGRESSIVE;
				CLANG_WARN_UNREACHABLE_CODE = YES;
				CLANG_WARN__DUPLICATE_METHOD_MATCH = YES;
				CODE_SIGN_IDENTITY = "iPhone Developer";
				COPY_PHASE_STRIP = NO;
				DEBUG_INFORMATION_FORMAT = dwarf;
				ENABLE_STRICT_OBJC_MSGSEND = YES;
				ENABLE_TESTABILITY = YES;
				GCC_C_LANGUAGE_STANDARD = gnu11;
				GCC_DYNAMIC_NO_PIC = NO;
				GCC_NO_COMMON_BLOCKS = YES;
				GCC_OPTIMIZATION_LEVEL = 0;
				GCC_PREPROCESSOR_DEFINITIONS = (
					"DEBUG=1",
					"$(inherited)",
				);
				GCC_WARN_64_TO_32_BIT_CONVERSION = YES;
				GCC_WARN_ABOUT_RETURN_TYPE = YES_ERROR;
				GCC_WARN_UNDECLARED_SELECTOR = YES;
				GCC_WARN_UNINITIALIZED_AUTOS = YES_AGGRESSIVE;
				GCC_WARN_UNUSED_FUNCTION = YES;
				GCC_WARN_UNUSED_VARIABLE = YES;
				IPHONEOS_DEPLOYMENT_TARGET = 11.0;
				MTL_ENABLE_DEBUG_INFO = YES;
				ONLY_ACTIVE_ARCH = YES;
				SDKROOT = iphoneos;
				SWIFT_ACTIVE_COMPILATION_CONDITIONS = DEBUG;
				SWIFT_OPTIMIZATION_LEVEL = "-Onone";
			};
			name = Debug;
		};
		E05493611F223733001109A8 /* Release */ = {
			isa = XCBuildConfiguration;
			buildSettings = {
				ALWAYS_SEARCH_USER_PATHS = NO;
				CLANG_ANALYZER_NONNULL = YES;
				CLANG_ANALYZER_NUMBER_OBJECT_CONVERSION = YES_AGGRESSIVE;
				CLANG_CXX_LANGUAGE_STANDARD = "gnu++14";
				CLANG_CXX_LIBRARY = "libc++";
				CLANG_ENABLE_MODULES = YES;
				CLANG_ENABLE_OBJC_ARC = YES;
				CLANG_WARN_BLOCK_CAPTURE_AUTORELEASING = YES;
				CLANG_WARN_BOOL_CONVERSION = YES;
				CLANG_WARN_COMMA = YES;
				CLANG_WARN_CONSTANT_CONVERSION = YES;
				CLANG_WARN_DIRECT_OBJC_ISA_USAGE = YES_ERROR;
				CLANG_WARN_DOCUMENTATION_COMMENTS = YES;
				CLANG_WARN_EMPTY_BODY = YES;
				CLANG_WARN_ENUM_CONVERSION = YES;
				CLANG_WARN_INFINITE_RECURSION = YES;
				CLANG_WARN_INT_CONVERSION = YES;
				CLANG_WARN_OBJC_ROOT_CLASS = YES_ERROR;
				CLANG_WARN_RANGE_LOOP_ANALYSIS = YES;
				CLANG_WARN_STRICT_PROTOTYPES = YES;
				CLANG_WARN_SUSPICIOUS_MOVE = YES;
				CLANG_WARN_UNGUARDED_AVAILABILITY = YES_AGGRESSIVE;
				CLANG_WARN_UNREACHABLE_CODE = YES;
				CLANG_WARN__DUPLICATE_METHOD_MATCH = YES;
				CODE_SIGN_IDENTITY = "iPhone Developer";
				COPY_PHASE_STRIP = NO;
				DEBUG_INFORMATION_FORMAT = "dwarf-with-dsym";
				ENABLE_NS_ASSERTIONS = NO;
				ENABLE_STRICT_OBJC_MSGSEND = YES;
				GCC_C_LANGUAGE_STANDARD = gnu11;
				GCC_NO_COMMON_BLOCKS = YES;
				GCC_WARN_64_TO_32_BIT_CONVERSION = YES;
				GCC_WARN_ABOUT_RETURN_TYPE = YES_ERROR;
				GCC_WARN_UNDECLARED_SELECTOR = YES;
				GCC_WARN_UNINITIALIZED_AUTOS = YES_AGGRESSIVE;
				GCC_WARN_UNUSED_FUNCTION = YES;
				GCC_WARN_UNUSED_VARIABLE = YES;
				IPHONEOS_DEPLOYMENT_TARGET = 11.0;
				MTL_ENABLE_DEBUG_INFO = NO;
				SDKROOT = iphoneos;
				SWIFT_OPTIMIZATION_LEVEL = "-Owholemodule";
				VALIDATE_PRODUCT = YES;
			};
			name = Release;
		};
		E05493631F223733001109A8 /* Debug */ = {
			isa = XCBuildConfiguration;
			buildSettings = {
				ASSETCATALOG_COMPILER_APPICON_NAME = AppIcon;
				DEVELOPMENT_TEAM = HC9UU37FN8;
				INFOPLIST_FILE = APP1/Info.plist;
				LD_RUNPATH_SEARCH_PATHS = "$(inherited) @executable_path/Frameworks";
				PRODUCT_BUNDLE_IDENTIFIER = "-1.APP1";
				PRODUCT_NAME = "$(TARGET_NAME)";
				SWIFT_VERSION = 4.0;
				TARGETED_DEVICE_FAMILY = "1,2";
			};
			name = Debug;
		};
		E05493641F223733001109A8 /* Release */ = {
			isa = XCBuildConfiguration;
			buildSettings = {
				ASSETCATALOG_COMPILER_APPICON_NAME = AppIcon;
				DEVELOPMENT_TEAM = HC9UU37FN8;
				INFOPLIST_FILE = APP1/Info.plist;
				LD_RUNPATH_SEARCH_PATHS = "$(inherited) @executable_path/Frameworks";
				PRODUCT_BUNDLE_IDENTIFIER = "-1.APP1";
				PRODUCT_NAME = "$(TARGET_NAME)";
				SWIFT_VERSION = 4.0;
				TARGETED_DEVICE_FAMILY = "1,2";
			};
			name = Release;
		};
/* End XCBuildConfiguration section */

/* Begin XCConfigurationList section */
		E054934B1F223733001109A8 /* Build configuration list for PBXProject "APP1" */ = {
			isa = XCConfigurationList;
			buildConfigurations = (
				E05493601F223733001109A8 /* Debug */,
				E05493611F223733001109A8 /* Release */,
			);
			defaultConfigurationIsVisible = 0;
			defaultConfigurationName = Release;
		};
		E05493621F223733001109A8 /* Build configuration list for PBXNativeTarget "APP1" */ = {
			isa = XCConfigurationList;
			buildConfigurations = (
				E05493631F223733001109A8 /* Debug */,
				E05493641F223733001109A8 /* Release */,
			);
			defaultConfigurationIsVisible = 0;
			defaultConfigurationName = Release;
		};
/* End XCConfigurationList section */
	};
	rootObject = E05493481F223733001109A8 /* Project object */;
}
